# This file is automatically @generated by Cargo.
# It is not intended for manual editing.
version = 3

[[package]]
name = "autocfg"
version = "1.1.0"
source = "registry+https://github.com/rust-lang/crates.io-index"
checksum = "d468802bab17cbc0cc575e9b053f41e72aa36bfa6b7f55e3529ffa43161b97fa"

[[package]]
name = "ciborium"
version = "0.2.1"
source = "registry+https://github.com/rust-lang/crates.io-index"
checksum = "effd91f6c78e5a4ace8a5d3c0b6bfaec9e2baaef55f3efc00e45fb2e477ee926"
dependencies = [
 "ciborium-io",
 "ciborium-ll",
 "serde",
]

[[package]]
name = "ciborium-io"
version = "0.2.1"
source = "registry+https://github.com/rust-lang/crates.io-index"
checksum = "cdf919175532b369853f5d5e20b26b43112613fd6fe7aee757e35f7a44642656"

[[package]]
name = "ciborium-ll"
version = "0.2.1"
source = "registry+https://github.com/rust-lang/crates.io-index"
checksum = "defaa24ecc093c77630e6c15e17c51f5e187bf35ee514f4e2d67baaa96dae22b"
dependencies = [
 "ciborium-io",
 "half",
]

[[package]]
name = "half"
version = "1.8.2"
source = "registry+https://github.com/rust-lang/crates.io-index"
checksum = "eabb4a44450da02c90444cf74558da904edde8fb4e9035a9a6a4e15445af0bd7"

[[package]]
name = "hound"
version = "3.5.0"
source = "registry+https://github.com/rust-lang/crates.io-index"
checksum = "4d13cdbd5dbb29f9c88095bbdc2590c9cba0d0a1269b983fef6b2cdd7e9f4db1"

[[package]]
name = "num-complex"
version = "0.4.3"
source = "registry+https://github.com/rust-lang/crates.io-index"
checksum = "02e0d21255c828d6f128a1e41534206671e8c3ea0c62f32291e808dc82cff17d"
dependencies = [
 "num-traits",
]

[[package]]
name = "num-integer"
version = "0.1.45"
source = "registry+https://github.com/rust-lang/crates.io-index"
checksum = "225d3389fb3509a24c93f5c29eb6bde2586b98d9f016636dff58d7c6f7569cd9"
dependencies = [
 "autocfg",
 "num-traits",
]

[[package]]
name = "num-traits"
version = "0.2.15"
source = "registry+https://github.com/rust-lang/crates.io-index"
checksum = "578ede34cf02f8924ab9447f50c28075b4d3e5b269972345e7e0372b38c6cdcd"
dependencies = [
 "autocfg",
]

[[package]]
name = "primal-check"
version = "0.3.3"
source = "registry+https://github.com/rust-lang/crates.io-index"
checksum = "9df7f93fd637f083201473dab4fee2db4c429d32e55e3299980ab3957ab916a0"
dependencies = [
 "num-integer",
]

[[package]]
name = "proc-macro2"
version = "1.0.64"
source = "registry+https://github.com/rust-lang/crates.io-index"
checksum = "78803b62cbf1f46fde80d7c0e803111524b9877184cfe7c3033659490ac7a7da"
dependencies = [
 "unicode-ident",
]

[[package]]
name = "quote"
version = "1.0.29"
source = "registry+https://github.com/rust-lang/crates.io-index"
checksum = "573015e8ab27661678357f27dc26460738fd2b6c86e46f386fde94cb5d913105"
dependencies = [
 "proc-macro2",
]

[[package]]
name = "realfft"
version = "3.3.0"
source = "registry+https://github.com/rust-lang/crates.io-index"
checksum = "953d9f7e5cdd80963547b456251296efc2626ed4e3cbf36c869d9564e0220571"
dependencies = [
 "rustfft",
]

[[package]]
name = "rubato"
version = "0.12.0"
source = "registry+https://github.com/rust-lang/crates.io-index"
checksum = "cd70209c27d5b08f5528bdc779ea3ffb418954e28987f9f9775c6eac41003f9c"
dependencies = [
 "num-complex",
 "num-integer",
 "num-traits",
 "realfft",
]

[[package]]
name = "rustfft"
version = "6.1.0"
source = "registry+https://github.com/rust-lang/crates.io-index"
checksum = "e17d4f6cbdb180c9f4b2a26bbf01c4e647f1e1dea22fe8eb9db54198b32f9434"
dependencies = [
 "num-complex",
 "num-integer",
 "num-traits",
 "primal-check",
 "strength_reduce",
 "transpose",
 "version_check",
]

[[package]]
name = "rustpotter"
version = "2.0.1"
dependencies = [
 "ciborium",
 "hound",
 "rubato",
 "rustfft",
 "serde",
]

[[package]]
name = "serde"
version = "1.0.171"
source = "registry+https://github.com/rust-lang/crates.io-index"
checksum = "30e27d1e4fd7659406c492fd6cfaf2066ba8773de45ca75e855590f856dc34a9"
dependencies = [
 "serde_derive",
]

[[package]]
name = "serde_derive"
version = "1.0.171"
source = "registry+https://github.com/rust-lang/crates.io-index"
checksum = "389894603bd18c46fa56231694f8d827779c0951a667087194cf9de94ed24682"
dependencies = [
 "proc-macro2",
 "quote",
 "syn",
]

[[package]]
name = "strength_reduce"
version = "0.2.4"
source = "registry+https://github.com/rust-lang/crates.io-index"
checksum = "fe895eb47f22e2ddd4dabc02bce419d2e643c8e3b585c78158b349195bc24d82"

[[package]]
name = "syn"
version = "2.0.25"
source = "registry+https://github.com/rust-lang/crates.io-index"
checksum = "15e3fc8c0c74267e2df136e5e5fb656a464158aa57624053375eb9c8c6e25ae2"
dependencies = [
 "proc-macro2",
 "quote",
 "unicode-ident",
]

[[package]]
name = "transpose"
version = "0.2.2"
source = "registry+https://github.com/rust-lang/crates.io-index"
checksum = "e6522d49d03727ffb138ae4cbc1283d3774f0d10aa7f9bf52e6784c45daf9b23"
dependencies = [
 "num-integer",
 "strength_reduce",
]

[[package]]
name = "unicode-ident"
version = "1.0.10"
source = "registry+https://github.com/rust-lang/crates.io-index"
checksum = "22049a19f4a68748a168c0fc439f9516686aa045927ff767eca0a85101fb6e73"

[[package]]
name = "version_check"
version = "0.9.4"
source = "registry+https://github.com/rust-lang/crates.io-index"
checksum = "49874b5167b65d7193b8aba1567f5c7d93d001cafc34600cee003eda787e483f"
